PODS:
  - Kingfisher (7.3.2)
  - SwiftLint (0.49.1)

DEPENDENCIES:
  - Kingfisher
  - SwiftLint

SPEC REPOS:
  trunk:
    - Kingfisher
    - SwiftLint

SPEC CHECKSUMS:
  Kingfisher: 0086ad83719761ba9b2cdaf6ef4d5b4878cbae23
  SwiftLint: 32ee33ded0636d0905ef6911b2b67bbaeeedafa5

PODFILE CHECKSUM: 6024ad484f3a9666098e7efae3faa63b6418c141

COCOAPODS: 1.11.3
