// !$*UTF8*$!
{
	archiveVersion = 1;
	classes = {
	};
	objectVersion = 55;
	objects = {

/* Begin PBXBuildFile section */
		27B727F1A6E8CF2084E4BB20 /* libPods-job-readiness-job-readinessUITests.a in Frameworks */ = {isa = PBXBuildFile; fileRef = B66F264BD1BAA9FC75C65283 /* libPods-job-readiness-job-readinessUITests.a */; };
		2E825FBA21F1D54D1BDFC9AB /* libPods-job-readinessTests.a in Frameworks */ = {isa = PBXBuildFile; fileRef = C1FF61AC424E150A1F5621B7 /* libPods-job-readinessTests.a */; };
		76F0B96733F87012AB963E30 /* libPods-job-readiness.a in Frameworks */ = {isa = PBXBuildFile; fileRef = A142C003CC24A66A3D1F0FBB /* libPods-job-readiness.a */; };
		CC8A75A728DA996D0090A633 /* CustomNavigationController.swift in Sources */ = {isa = PBXBuildFile; fileRef = CC8A75A628DA996D0090A633 /* CustomNavigationController.swift */; };
		CC8A75AA28DA99F40090A633 /* UIColor+ExtCustom.swift in Sources */ = {isa = PBXBuildFile; fileRef = CC8A75A928DA99F40090A633 /* UIColor+ExtCustom.swift */; };
		CC8A75AF28DABD240090A633 /* CategoryItemCell.swift in Sources */ = {isa = PBXBuildFile; fileRef = CC8A75AE28DABD240090A633 /* CategoryItemCell.swift */; };
		CC8A75B128DAC5390090A633 /* UnderDevelopmentViewController.swift in Sources */ = {isa = PBXBuildFile; fileRef = CC8A75B028DAC5390090A633 /* UnderDevelopmentViewController.swift */; };
		CCF594B728D8BB620056C610 /* AppDelegate.swift in Sources */ = {isa = PBXBuildFile; fileRef = CCF594B628D8BB620056C610 /* AppDelegate.swift */; };
		CCF594B928D8BB620056C610 /* SceneDelegate.swift in Sources */ = {isa = PBXBuildFile; fileRef = CCF594B828D8BB620056C610 /* SceneDelegate.swift */; };
		CCF594BB28D8BB620056C610 /* SearchViewController.swift in Sources */ = {isa = PBXBuildFile; fileRef = CCF594BA28D8BB620056C610 /* SearchViewController.swift */; };
		CCF594C028D8BB630056C610 /* Assets.xcassets in Resources */ = {isa = PBXBuildFile; fileRef = CCF594BF28D8BB630056C610 /* Assets.xcassets */; };
		CCF594C328D8BB630056C610 /* LaunchScreen.storyboard in Resources */ = {isa = PBXBuildFile; fileRef = CCF594C128D8BB630056C610 /* LaunchScreen.storyboard */; };
		CCF594CE28D8BB640056C610 /* NetworkingTests.swift in Sources */ = {isa = PBXBuildFile; fileRef = CCF594CD28D8BB640056C610 /* NetworkingTests.swift */; };
		CCF594D828D8BB640056C610 /* job_readinessUITests.swift in Sources */ = {isa = PBXBuildFile; fileRef = CCF594D728D8BB640056C610 /* job_readinessUITests.swift */; };
		CCF594DA28D8BB640056C610 /* job_readinessUITestsLaunchTests.swift in Sources */ = {isa = PBXBuildFile; fileRef = CCF594D928D8BB640056C610 /* job_readinessUITestsLaunchTests.swift */; };
		CCF594E728D8BBA70056C610 /* Category.json in Resources */ = {isa = PBXBuildFile; fileRef = CCF594E628D8BBA70056C610 /* Category.json */; };
		CCF594E928D8BC6B0056C610 /* Networking.swift in Sources */ = {isa = PBXBuildFile; fileRef = CCF594E828D8BC6B0056C610 /* Networking.swift */; };
		CCF594ED28D8C7460056C610 /* Category.swift in Sources */ = {isa = PBXBuildFile; fileRef = CCF594EC28D8C7460056C610 /* Category.swift */; };
		CCF594F028D8C77C0056C610 /* EndpointBuilder.swift in Sources */ = {isa = PBXBuildFile; fileRef = CCF594EF28D8C77C0056C610 /* EndpointBuilder.swift */; };
		CCF594F228D8C7A70056C610 /* RequestError.swift in Sources */ = {isa = PBXBuildFile; fileRef = CCF594F128D8C7A70056C610 /* RequestError.swift */; };
		CCF594F428D8C7D10056C610 /* EndpointType.swift in Sources */ = {isa = PBXBuildFile; fileRef = CCF594F328D8C7D10056C610 /* EndpointType.swift */; };
		CCF594F628D8C9BF0056C610 /* Token.swift in Sources */ = {isa = PBXBuildFile; fileRef = CCF594F528D8C9BF0056C610 /* Token.swift */; };
		CCF594F828D8D74A0056C610 /* Network.swift in Sources */ = {isa = PBXBuildFile; fileRef = CCF594F728D8D74A0056C610 /* Network.swift */; };
		CCF594FC28D8D8110056C610 /* EndpointBuilderTests.swift in Sources */ = {isa = PBXBuildFile; fileRef = CCF594FB28D8D8110056C610 /* EndpointBuilderTests.swift */; };
		CCF594FF28D8D88D0056C610 /* Highlights.json in Resources */ = {isa = PBXBuildFile; fileRef = CCF594FE28D8D88D0056C610 /* Highlights.json */; };
		CCF5950128D8D8AD0056C610 /* Multiget.json in Resources */ = {isa = PBXBuildFile; fileRef = CCF5950028D8D8AD0056C610 /* Multiget.json */; };
		CCF5950528D8D9470056C610 /* Item.swift in Sources */ = {isa = PBXBuildFile; fileRef = CCF5950428D8D9470056C610 /* Item.swift */; };
		CCF5950728D8D95D0056C610 /* ItemDetail.swift in Sources */ = {isa = PBXBuildFile; fileRef = CCF5950628D8D95D0056C610 /* ItemDetail.swift */; };
		CCF5950928D8D97B0056C610 /* Picture.swift in Sources */ = {isa = PBXBuildFile; fileRef = CCF5950828D8D97B0056C610 /* Picture.swift */; };
		CCF5950C28D8DB020056C610 /* CategoryTests.swift in Sources */ = {isa = PBXBuildFile; fileRef = CCF5950B28D8DB020056C610 /* CategoryTests.swift */; };
		CCF5950E28D8DDAE0056C610 /* ItemTests.swift in Sources */ = {isa = PBXBuildFile; fileRef = CCF5950D28D8DDAE0056C610 /* ItemTests.swift */; };
		CCF5950F28D8F0A10056C610 /* Highlights.json in Resources */ = {isa = PBXBuildFile; fileRef = CCF594FE28D8D88D0056C610 /* Highlights.json */; };
		CCF5951028D8F0A10056C610 /* Multiget.json in Resources */ = {isa = PBXBuildFile; fileRef = CCF5950028D8D8AD0056C610 /* Multiget.json */; };
		CCF5951228D94B9E0056C610 /* ItemDetailTests.swift in Sources */ = {isa = PBXBuildFile; fileRef = CCF5951128D94B9E0056C610 /* ItemDetailTests.swift */; };
		CCF5951528D9550A0056C610 /* Coordinator.swift in Sources */ = {isa = PBXBuildFile; fileRef = CCF5951428D9550A0056C610 /* Coordinator.swift */; };
		CCF5951828D955460056C610 /* AppCoordinator.swift in Sources */ = {isa = PBXBuildFile; fileRef = CCF5951728D955460056C610 /* AppCoordinator.swift */; };
		CCF5951A28D9568F0056C610 /* TabBarModulesFactory.swift in Sources */ = {isa = PBXBuildFile; fileRef = CCF5951928D9568F0056C610 /* TabBarModulesFactory.swift */; };
/* End PBXBuildFile section */

/* Begin PBXContainerItemProxy section */
		CCF594CA28D8BB640056C610 /* PBXContainerItemProxy */ = {
			isa = PBXContainerItemProxy;
			containerPortal = CCF594AB28D8BB620056C610 /* Project object */;
			proxyType = 1;
			remoteGlobalIDString = CCF594B228D8BB620056C610;
			remoteInfo = "job-readiness";
		};
		CCF594D428D8BB640056C610 /* PBXContainerItemProxy */ = {
			isa = PBXContainerItemProxy;
			containerPortal = CCF594AB28D8BB620056C610 /* Project object */;
			proxyType = 1;
			remoteGlobalIDString = CCF594B228D8BB620056C610;
			remoteInfo = "job-readiness";
		};
/* End PBXContainerItemProxy section */

/* Begin PBXFileReference section */
		0B91394DA0CD78C47B2EF542 /* Pods-job-readiness.release.xcconfig */ = {isa = PBXFileReference; includeInIndex = 1; lastKnownFileType = text.xcconfig; name = "Pods-job-readiness.release.xcconfig"; path = "Target Support Files/Pods-job-readiness/Pods-job-readiness.release.xcconfig"; sourceTree = "<group>"; };
		319588039F6D900B771B2257 /* Pods-job-readiness-job-readinessUITests.debug.xcconfig */ = {isa = PBXFileReference; includeInIndex = 1; lastKnownFileType = text.xcconfig; name = "Pods-job-readiness-job-readinessUITests.debug.xcconfig"; path = "Target Support Files/Pods-job-readiness-job-readinessUITests/Pods-job-readiness-job-readinessUITests.debug.xcconfig"; sourceTree = "<group>"; };
		38B35B5D3003BD3D6CEF38FD /* Pods-job-readinessTests.release.xcconfig */ = {isa = PBXFileReference; includeInIndex = 1; lastKnownFileType = text.xcconfig; name = "Pods-job-readinessTests.release.xcconfig"; path = "Target Support Files/Pods-job-readinessTests/Pods-job-readinessTests.release.xcconfig"; sourceTree = "<group>"; };
		4E34B90A97B20D3610B55F24 /* Pods-job-readiness.debug.xcconfig */ = {isa = PBXFileReference; includeInIndex = 1; lastKnownFileType = text.xcconfig; name = "Pods-job-readiness.debug.xcconfig"; path = "Target Support Files/Pods-job-readiness/Pods-job-readiness.debug.xcconfig"; sourceTree = "<group>"; };
		A142C003CC24A66A3D1F0FBB /* libPods-job-readiness.a */ = {isa = PBXFileReference; explicitFileType = archive.ar; includeInIndex = 0; path = "libPods-job-readiness.a"; sourceTree = BUILT_PRODUCTS_DIR; };
		B66F264BD1BAA9FC75C65283 /* libPods-job-readiness-job-readinessUITests.a */ = {isa = PBXFileReference; explicitFileType = archive.ar; includeInIndex = 0; path = "libPods-job-readiness-job-readinessUITests.a"; sourceTree = BUILT_PRODUCTS_DIR; };
		C1FF61AC424E150A1F5621B7 /* libPods-job-readinessTests.a */ = {isa = PBXFileReference; explicitFileType = archive.ar; includeInIndex = 0; path = "libPods-job-readinessTests.a"; sourceTree = BUILT_PRODUCTS_DIR; };
		CA25096F8DEB92323C308E74 /* Pods-job-readinessTests.debug.xcconfig */ = {isa = PBXFileReference; includeInIndex = 1; lastKnownFileType = text.xcconfig; name = "Pods-job-readinessTests.debug.xcconfig"; path = "Target Support Files/Pods-job-readinessTests/Pods-job-readinessTests.debug.xcconfig"; sourceTree = "<group>"; };
		CC8A75A628DA996D0090A633 /* CustomNavigationController.swift */ = {isa = PBXFileReference; lastKnownFileType = sourcecode.swift; path = CustomNavigationController.swift; sourceTree = "<group>"; };
		CC8A75A928DA99F40090A633 /* UIColor+ExtCustom.swift */ = {isa = PBXFileReference; lastKnownFileType = sourcecode.swift; path = "UIColor+ExtCustom.swift"; sourceTree = "<group>"; };
		CC8A75AE28DABD240090A633 /* CategoryItemCell.swift */ = {isa = PBXFileReference; lastKnownFileType = sourcecode.swift; path = CategoryItemCell.swift; sourceTree = "<group>"; };
		CC8A75B028DAC5390090A633 /* UnderDevelopmentViewController.swift */ = {isa = PBXFileReference; lastKnownFileType = sourcecode.swift; path = UnderDevelopmentViewController.swift; sourceTree = "<group>"; };
		CCF594B328D8BB620056C610 /* job-readiness.app */ = {isa = PBXFileReference; explicitFileType = wrapper.application; includeInIndex = 0; path = "job-readiness.app"; sourceTree = BUILT_PRODUCTS_DIR; };
		CCF594B628D8BB620056C610 /* AppDelegate.swift */ = {isa = PBXFileReference; lastKnownFileType = sourcecode.swift; path = AppDelegate.swift; sourceTree = "<group>"; };
		CCF594B828D8BB620056C610 /* SceneDelegate.swift */ = {isa = PBXFileReference; lastKnownFileType = sourcecode.swift; path = SceneDelegate.swift; sourceTree = "<group>"; };
		CCF594BA28D8BB620056C610 /* SearchViewController.swift */ = {isa = PBXFileReference; lastKnownFileType = sourcecode.swift; path = SearchViewController.swift; sourceTree = "<group>"; };
		CCF594BF28D8BB630056C610 /* Assets.xcassets */ = {isa = PBXFileReference; lastKnownFileType = folder.assetcatalog; path = Assets.xcassets; sourceTree = "<group>"; };
		CCF594C228D8BB630056C610 /* Base */ = {isa = PBXFileReference; lastKnownFileType = file.storyboard; name = Base; path = Base.lproj/LaunchScreen.storyboard; sourceTree = "<group>"; };
		CCF594C428D8BB630056C610 /* Info.plist */ = {isa = PBXFileReference; lastKnownFileType = text.plist.xml; path = Info.plist; sourceTree = "<group>"; };
		CCF594C928D8BB640056C610 /* job-readinessTests.xctest */ = {isa = PBXFileReference; explicitFileType = wrapper.cfbundle; includeInIndex = 0; path = "job-readinessTests.xctest"; sourceTree = BUILT_PRODUCTS_DIR; };
		CCF594CD28D8BB640056C610 /* NetworkingTests.swift */ = {isa = PBXFileReference; lastKnownFileType = sourcecode.swift; path = NetworkingTests.swift; sourceTree = "<group>"; };
		CCF594D328D8BB640056C610 /* job-readinessUITests.xctest */ = {isa = PBXFileReference; explicitFileType = wrapper.cfbundle; includeInIndex = 0; path = "job-readinessUITests.xctest"; sourceTree = BUILT_PRODUCTS_DIR; };
		CCF594D728D8BB640056C610 /* job_readinessUITests.swift */ = {isa = PBXFileReference; lastKnownFileType = sourcecode.swift; path = job_readinessUITests.swift; sourceTree = "<group>"; };
		CCF594D928D8BB640056C610 /* job_readinessUITestsLaunchTests.swift */ = {isa = PBXFileReference; lastKnownFileType = sourcecode.swift; path = job_readinessUITestsLaunchTests.swift; sourceTree = "<group>"; };
		CCF594E628D8BBA70056C610 /* Category.json */ = {isa = PBXFileReference; lastKnownFileType = text.json; path = Category.json; sourceTree = "<group>"; xcLanguageSpecificationIdentifier = xcode.lang.json; };
		CCF594E828D8BC6B0056C610 /* Networking.swift */ = {isa = PBXFileReference; lastKnownFileType = sourcecode.swift; path = Networking.swift; sourceTree = "<group>"; };
		CCF594EC28D8C7460056C610 /* Category.swift */ = {isa = PBXFileReference; lastKnownFileType = sourcecode.swift; path = Category.swift; sourceTree = "<group>"; };
		CCF594EF28D8C77C0056C610 /* EndpointBuilder.swift */ = {isa = PBXFileReference; lastKnownFileType = sourcecode.swift; path = EndpointBuilder.swift; sourceTree = "<group>"; };
		CCF594F128D8C7A70056C610 /* RequestError.swift */ = {isa = PBXFileReference; lastKnownFileType = sourcecode.swift; path = RequestError.swift; sourceTree = "<group>"; };
		CCF594F328D8C7D10056C610 /* EndpointType.swift */ = {isa = PBXFileReference; lastKnownFileType = sourcecode.swift; path = EndpointType.swift; sourceTree = "<group>"; };
		CCF594F528D8C9BF0056C610 /* Token.swift */ = {isa = PBXFileReference; lastKnownFileType = sourcecode.swift; path = Token.swift; sourceTree = "<group>"; };
		CCF594F728D8D74A0056C610 /* Network.swift */ = {isa = PBXFileReference; lastKnownFileType = sourcecode.swift; path = Network.swift; sourceTree = "<group>"; };
		CCF594FB28D8D8110056C610 /* EndpointBuilderTests.swift */ = {isa = PBXFileReference; lastKnownFileType = sourcecode.swift; path = EndpointBuilderTests.swift; sourceTree = "<group>"; };
		CCF594FE28D8D88D0056C610 /* Highlights.json */ = {isa = PBXFileReference; lastKnownFileType = text.json; path = Highlights.json; sourceTree = "<group>"; xcLanguageSpecificationIdentifier = xcode.lang.json; };
		CCF5950028D8D8AD0056C610 /* Multiget.json */ = {isa = PBXFileReference; lastKnownFileType = text.json; path = Multiget.json; sourceTree = "<group>"; xcLanguageSpecificationIdentifier = xcode.lang.json; };
		CCF5950428D8D9470056C610 /* Item.swift */ = {isa = PBXFileReference; lastKnownFileType = sourcecode.swift; path = Item.swift; sourceTree = "<group>"; };
		CCF5950628D8D95D0056C610 /* ItemDetail.swift */ = {isa = PBXFileReference; lastKnownFileType = sourcecode.swift; path = ItemDetail.swift; sourceTree = "<group>"; };
		CCF5950828D8D97B0056C610 /* Picture.swift */ = {isa = PBXFileReference; lastKnownFileType = sourcecode.swift; path = Picture.swift; sourceTree = "<group>"; };
		CCF5950B28D8DB020056C610 /* CategoryTests.swift */ = {isa = PBXFileReference; lastKnownFileType = sourcecode.swift; path = CategoryTests.swift; sourceTree = "<group>"; };
		CCF5950D28D8DDAE0056C610 /* ItemTests.swift */ = {isa = PBXFileReference; lastKnownFileType = sourcecode.swift; path = ItemTests.swift; sourceTree = "<group>"; };
		CCF5951128D94B9E0056C610 /* ItemDetailTests.swift */ = {isa = PBXFileReference; lastKnownFileType = sourcecode.swift; path = ItemDetailTests.swift; sourceTree = "<group>"; };
		CCF5951428D9550A0056C610 /* Coordinator.swift */ = {isa = PBXFileReference; lastKnownFileType = sourcecode.swift; path = Coordinator.swift; sourceTree = "<group>"; };
		CCF5951728D955460056C610 /* AppCoordinator.swift */ = {isa = PBXFileReference; lastKnownFileType = sourcecode.swift; path = AppCoordinator.swift; sourceTree = "<group>"; };
		CCF5951928D9568F0056C610 /* TabBarModulesFactory.swift */ = {isa = PBXFileReference; lastKnownFileType = sourcecode.swift; path = TabBarModulesFactory.swift; sourceTree = "<group>"; };
		FCCD1739278565E7FBBC08D3 /* Pods-job-readiness-job-readinessUITests.release.xcconfig */ = {isa = PBXFileReference; includeInIndex = 1; lastKnownFileType = text.xcconfig; name = "Pods-job-readiness-job-readinessUITests.release.xcconfig"; path = "Target Support Files/Pods-job-readiness-job-readinessUITests/Pods-job-readiness-job-readinessUITests.release.xcconfig"; sourceTree = "<group>"; };
/* End PBXFileReference section */

/* Begin PBXFrameworksBuildPhase section */
		CCF594B028D8BB620056C610 /* Frameworks */ = {
			isa = PBXFrameworksBuildPhase;
			buildActionMask = 2147483647;
			files = (
				76F0B96733F87012AB963E30 /* libPods-job-readiness.a in Frameworks */,
			);
			runOnlyForDeploymentPostprocessing = 0;
		};
		CCF594C628D8BB640056C610 /* Frameworks */ = {
			isa = PBXFrameworksBuildPhase;
			buildActionMask = 2147483647;
			files = (
				2E825FBA21F1D54D1BDFC9AB /* libPods-job-readinessTests.a in Frameworks */,
			);
			runOnlyForDeploymentPostprocessing = 0;
		};
		CCF594D028D8BB640056C610 /* Frameworks */ = {
			isa = PBXFrameworksBuildPhase;
			buildActionMask = 2147483647;
			files = (
				27B727F1A6E8CF2084E4BB20 /* libPods-job-readiness-job-readinessUITests.a in Frameworks */,
			);
			runOnlyForDeploymentPostprocessing = 0;
		};
/* End PBXFrameworksBuildPhase section */

/* Begin PBXGroup section */
		91A493B4988EAF219CBEC8AF /* Frameworks */ = {
			isa = PBXGroup;
			children = (
				A142C003CC24A66A3D1F0FBB /* libPods-job-readiness.a */,
				B66F264BD1BAA9FC75C65283 /* libPods-job-readiness-job-readinessUITests.a */,
				C1FF61AC424E150A1F5621B7 /* libPods-job-readinessTests.a */,
			);
			name = Frameworks;
			sourceTree = "<group>";
		};
		B7DD3F0ADB7B85566C06DD56 /* Pods */ = {
			isa = PBXGroup;
			children = (
				4E34B90A97B20D3610B55F24 /* Pods-job-readiness.debug.xcconfig */,
				0B91394DA0CD78C47B2EF542 /* Pods-job-readiness.release.xcconfig */,
				319588039F6D900B771B2257 /* Pods-job-readiness-job-readinessUITests.debug.xcconfig */,
				FCCD1739278565E7FBBC08D3 /* Pods-job-readiness-job-readinessUITests.release.xcconfig */,
				CA25096F8DEB92323C308E74 /* Pods-job-readinessTests.debug.xcconfig */,
				38B35B5D3003BD3D6CEF38FD /* Pods-job-readinessTests.release.xcconfig */,
			);
			path = Pods;
			sourceTree = "<group>";
		};
		CC8A75A528DA99390090A633 /* Extensions */ = {
			isa = PBXGroup;
			children = (
				CC8A75A928DA99F40090A633 /* UIColor+ExtCustom.swift */,
			);
			path = Extensions;
			sourceTree = "<group>";
		};
		CC8A75A828DA99D10090A633 /* Shared */ = {
			isa = PBXGroup;
			children = (
				CC8A75A628DA996D0090A633 /* CustomNavigationController.swift */,
				CC8A75A528DA99390090A633 /* Extensions */,
			);
			path = Shared;
			sourceTree = "<group>";
		};
		CC8A75AB28DABA490090A633 /* ViewController */ = {
			isa = PBXGroup;
			children = (
				CCF594BA28D8BB620056C610 /* SearchViewController.swift */,
				CC8A75AD28DABBB90090A633 /* CellView */,
				CC8A75B028DAC5390090A633 /* UnderDevelopmentViewController.swift */,
			);
			path = ViewController;
			sourceTree = "<group>";
		};
		CC8A75AC28DABA530090A633 /* ViewModel */ = {
			isa = PBXGroup;
			children = (
			);
			path = ViewModel;
			sourceTree = "<group>";
		};
		CC8A75AD28DABBB90090A633 /* CellView */ = {
			isa = PBXGroup;
			children = (
				CC8A75AE28DABD240090A633 /* CategoryItemCell.swift */,
			);
			path = CellView;
			sourceTree = "<group>";
		};
		CCF594AA28D8BB620056C610 = {
			isa = PBXGroup;
			children = (
				CCF594B528D8BB620056C610 /* job-readiness */,
				CCF594CC28D8BB640056C610 /* job-readinessTests */,
				CCF594D628D8BB640056C610 /* job-readinessUITests */,
				CCF594B428D8BB620056C610 /* Products */,
				B7DD3F0ADB7B85566C06DD56 /* Pods */,
				91A493B4988EAF219CBEC8AF /* Frameworks */,
			);
			sourceTree = "<group>";
		};
		CCF594B428D8BB620056C610 /* Products */ = {
			isa = PBXGroup;
			children = (
				CCF594B328D8BB620056C610 /* job-readiness.app */,
				CCF594C928D8BB640056C610 /* job-readinessTests.xctest */,
				CCF594D328D8BB640056C610 /* job-readinessUITests.xctest */,
			);
			name = Products;
			sourceTree = "<group>";
		};
		CCF594B528D8BB620056C610 /* job-readiness */ = {
			isa = PBXGroup;
			children = (
				CC8A75AC28DABA530090A633 /* ViewModel */,
				CC8A75AB28DABA490090A633 /* ViewController */,
				CC8A75A828DA99D10090A633 /* Shared */,
				CCF5951328D954F50056C610 /* Coordinator */,
				CCF5950A28D8DA4C0056C610 /* App */,
				CCF594EE28D8C76A0056C610 /* Network */,
				CCF594EB28D8C7370056C610 /* Models */,
				CCF594EA28D8C7270056C610 /* Protocols */,
				CCF594BF28D8BB630056C610 /* Assets.xcassets */,
				CCF594C128D8BB630056C610 /* LaunchScreen.storyboard */,
				CCF594C428D8BB630056C610 /* Info.plist */,
			);
			path = "job-readiness";
			sourceTree = "<group>";
		};
		CCF594CC28D8BB640056C610 /* job-readinessTests */ = {
			isa = PBXGroup;
			children = (
				CCF594FD28D8D8740056C610 /* MockedJSONs */,
				CCF5950328D8D8F50056C610 /* ModelsDecodeTests */,
				CCF5950228D8D8E30056C610 /* NetworkTests */,
			);
			path = "job-readinessTests";
			sourceTree = "<group>";
		};
		CCF594D628D8BB640056C610 /* job-readinessUITests */ = {
			isa = PBXGroup;
			children = (
				CCF594D728D8BB640056C610 /* job_readinessUITests.swift */,
				CCF594D928D8BB640056C610 /* job_readinessUITestsLaunchTests.swift */,
			);
			path = "job-readinessUITests";
			sourceTree = "<group>";
		};
		CCF594EA28D8C7270056C610 /* Protocols */ = {
			isa = PBXGroup;
			children = (
				CCF5951928D9568F0056C610 /* TabBarModulesFactory.swift */,
			);
			path = Protocols;
			sourceTree = "<group>";
		};
		CCF594EB28D8C7370056C610 /* Models */ = {
			isa = PBXGroup;
			children = (
				CCF594EC28D8C7460056C610 /* Category.swift */,
				CCF5950428D8D9470056C610 /* Item.swift */,
				CCF5950628D8D95D0056C610 /* ItemDetail.swift */,
				CCF5950828D8D97B0056C610 /* Picture.swift */,
			);
			path = Models;
			sourceTree = "<group>";
		};
		CCF594EE28D8C76A0056C610 /* Network */ = {
			isa = PBXGroup;
			children = (
				CCF594F528D8C9BF0056C610 /* Token.swift */,
				CCF594F928D8D7620056C610 /* Protocols */,
				CCF594FA28D8D7AC0056C610 /* Endpoint */,
				CCF594F728D8D74A0056C610 /* Network.swift */,
				CCF594F128D8C7A70056C610 /* RequestError.swift */,
			);
			path = Network;
			sourceTree = "<group>";
		};
		CCF594F928D8D7620056C610 /* Protocols */ = {
			isa = PBXGroup;
			children = (
				CCF594E828D8BC6B0056C610 /* Networking.swift */,
			);
			path = Protocols;
			sourceTree = "<group>";
		};
		CCF594FA28D8D7AC0056C610 /* Endpoint */ = {
			isa = PBXGroup;
			children = (
				CCF594EF28D8C77C0056C610 /* EndpointBuilder.swift */,
				CCF594F328D8C7D10056C610 /* EndpointType.swift */,
			);
			path = Endpoint;
			sourceTree = "<group>";
		};
		CCF594FD28D8D8740056C610 /* MockedJSONs */ = {
			isa = PBXGroup;
			children = (
				CCF594E628D8BBA70056C610 /* Category.json */,
				CCF594FE28D8D88D0056C610 /* Highlights.json */,
				CCF5950028D8D8AD0056C610 /* Multiget.json */,
			);
			path = MockedJSONs;
			sourceTree = "<group>";
		};
		CCF5950228D8D8E30056C610 /* NetworkTests */ = {
			isa = PBXGroup;
			children = (
				CCF594CD28D8BB640056C610 /* NetworkingTests.swift */,
				CCF594FB28D8D8110056C610 /* EndpointBuilderTests.swift */,
			);
			path = NetworkTests;
			sourceTree = "<group>";
		};
		CCF5950328D8D8F50056C610 /* ModelsDecodeTests */ = {
			isa = PBXGroup;
			children = (
				CCF5950B28D8DB020056C610 /* CategoryTests.swift */,
				CCF5950D28D8DDAE0056C610 /* ItemTests.swift */,
				CCF5951128D94B9E0056C610 /* ItemDetailTests.swift */,
			);
			path = ModelsDecodeTests;
			sourceTree = "<group>";
		};
		CCF5950A28D8DA4C0056C610 /* App */ = {
			isa = PBXGroup;
			children = (
				CCF594B828D8BB620056C610 /* SceneDelegate.swift */,
				CCF594B628D8BB620056C610 /* AppDelegate.swift */,
			);
			path = App;
			sourceTree = "<group>";
		};
		CCF5951328D954F50056C610 /* Coordinator */ = {
			isa = PBXGroup;
			children = (
				CCF5951628D9551C0056C610 /* Protocol */,
				CCF5951728D955460056C610 /* AppCoordinator.swift */,
			);
			path = Coordinator;
			sourceTree = "<group>";
		};
		CCF5951628D9551C0056C610 /* Protocol */ = {
			isa = PBXGroup;
			children = (
				CCF5951428D9550A0056C610 /* Coordinator.swift */,
			);
			path = Protocol;
			sourceTree = "<group>";
		};
/* End PBXGroup section */

/* Begin PBXNativeTarget section */
		CCF594B228D8BB620056C610 /* job-readiness */ = {
			isa = PBXNativeTarget;
			buildConfigurationList = CCF594DD28D8BB640056C610 /* Build configuration list for PBXNativeTarget "job-readiness" */;
			buildPhases = (
				744B2D386841E94668EAC9B4 /* [CP] Check Pods Manifest.lock */,
				CCF594AF28D8BB620056C610 /* Sources */,
				CCF594B028D8BB620056C610 /* Frameworks */,
				CCF594B128D8BB620056C610 /* Resources */,
			);
			buildRules = (
			);
			dependencies = (
			);
			name = "job-readiness";
			productName = "job-readiness";
			productReference = CCF594B328D8BB620056C610 /* job-readiness.app */;
			productType = "com.apple.product-type.application";
		};
		CCF594C828D8BB640056C610 /* job-readinessTests */ = {
			isa = PBXNativeTarget;
			buildConfigurationList = CCF594E028D8BB640056C610 /* Build configuration list for PBXNativeTarget "job-readinessTests" */;
			buildPhases = (
				48020E52B6C53653B7A0214C /* [CP] Check Pods Manifest.lock */,
				CCF594C528D8BB640056C610 /* Sources */,
				CCF594C628D8BB640056C610 /* Frameworks */,
				CCF594C728D8BB640056C610 /* Resources */,
			);
			buildRules = (
			);
			dependencies = (
				CCF594CB28D8BB640056C610 /* PBXTargetDependency */,
			);
			name = "job-readinessTests";
			productName = "job-readinessTests";
			productReference = CCF594C928D8BB640056C610 /* job-readinessTests.xctest */;
			productType = "com.apple.product-type.bundle.unit-test";
		};
		CCF594D228D8BB640056C610 /* job-readinessUITests */ = {
			isa = PBXNativeTarget;
			buildConfigurationList = CCF594E328D8BB640056C610 /* Build configuration list for PBXNativeTarget "job-readinessUITests" */;
			buildPhases = (
				C344417F9C026EE618B4CAC0 /* [CP] Check Pods Manifest.lock */,
				CCF594CF28D8BB640056C610 /* Sources */,
				CCF594D028D8BB640056C610 /* Frameworks */,
				CCF594D128D8BB640056C610 /* Resources */,
			);
			buildRules = (
			);
			dependencies = (
				CCF594D528D8BB640056C610 /* PBXTargetDependency */,
			);
			name = "job-readinessUITests";
			productName = "job-readinessUITests";
			productReference = CCF594D328D8BB640056C610 /* job-readinessUITests.xctest */;
			productType = "com.apple.product-type.bundle.ui-testing";
		};
/* End PBXNativeTarget section */

/* Begin PBXProject section */
		CCF594AB28D8BB620056C610 /* Project object */ = {
			isa = PBXProject;
			attributes = {
				BuildIndependentTargetsInParallel = 1;
				LastSwiftUpdateCheck = 1340;
				LastUpgradeCheck = 1340;
				TargetAttributes = {
					CCF594B228D8BB620056C610 = {
						CreatedOnToolsVersion = 13.4.1;
					};
					CCF594C828D8BB640056C610 = {
						CreatedOnToolsVersion = 13.4.1;
						TestTargetID = CCF594B228D8BB620056C610;
					};
					CCF594D228D8BB640056C610 = {
						CreatedOnToolsVersion = 13.4.1;
						TestTargetID = CCF594B228D8BB620056C610;
					};
				};
			};
			buildConfigurationList = CCF594AE28D8BB620056C610 /* Build configuration list for PBXProject "job-readiness" */;
			compatibilityVersion = "Xcode 13.0";
			developmentRegion = en;
			hasScannedForEncodings = 0;
			knownRegions = (
				en,
				Base,
			);
			mainGroup = CCF594AA28D8BB620056C610;
			productRefGroup = CCF594B428D8BB620056C610 /* Products */;
			projectDirPath = "";
			projectRoot = "";
			targets = (
				CCF594B228D8BB620056C610 /* job-readiness */,
				CCF594C828D8BB640056C610 /* job-readinessTests */,
				CCF594D228D8BB640056C610 /* job-readinessUITests */,
			);
		};
/* End PBXProject section */

/* Begin PBXResourcesBuildPhase section */
		CCF594B128D8BB620056C610 /* Resources */ = {
			isa = PBXResourcesBuildPhase;
			buildActionMask = 2147483647;
			files = (
				CCF5950F28D8F0A10056C610 /* Highlights.json in Resources */,
				CCF5951028D8F0A10056C610 /* Multiget.json in Resources */,
				CCF594C328D8BB630056C610 /* LaunchScreen.storyboard in Resources */,
				CCF594C028D8BB630056C610 /* Assets.xcassets in Resources */,
				CCF594E728D8BBA70056C610 /* Category.json in Resources */,
			);
			runOnlyForDeploymentPostprocessing = 0;
		};
		CCF594C728D8BB640056C610 /* Resources */ = {
			isa = PBXResourcesBuildPhase;
			buildActionMask = 2147483647;
			files = (
				CCF5950128D8D8AD0056C610 /* Multiget.json in Resources */,
				CCF594FF28D8D88D0056C610 /* Highlights.json in Resources */,
			);
			runOnlyForDeploymentPostprocessing = 0;
		};
		CCF594D128D8BB640056C610 /* Resources */ = {
			isa = PBXResourcesBuildPhase;
			buildActionMask = 2147483647;
			files = (
			);
			runOnlyForDeploymentPostprocessing = 0;
		};
/* End PBXResourcesBuildPhase section */

/* Begin PBXShellScriptBuildPhase section */
		48020E52B6C53653B7A0214C /* [CP] Check Pods Manifest.lock */ = {
			isa = PBXShellScriptBuildPhase;
			buildActionMask = 2147483647;
			files = (
			);
			inputFileListPaths = (
			);
			inputPaths = (
				"${PODS_PODFILE_DIR_PATH}/Podfile.lock",
				"${PODS_ROOT}/Manifest.lock",
			);
			name = "[CP] Check Pods Manifest.lock";
			outputFileListPaths = (
			);
			outputPaths = (
				"$(DERIVED_FILE_DIR)/Pods-job-readinessTests-checkManifestLockResult.txt",
			);
			runOnlyForDeploymentPostprocessing = 0;
			shellPath = /bin/sh;
			shellScript = "diff \"${PODS_PODFILE_DIR_PATH}/Podfile.lock\" \"${PODS_ROOT}/Manifest.lock\" > /dev/null\nif [ $? != 0 ] ; then\n    # print error to STDERR\n    echo \"error: The sandbox is not in sync with the Podfile.lock. Run 'pod install' or update your CocoaPods installation.\" >&2\n    exit 1\nfi\n# This output is used by Xcode 'outputs' to avoid re-running this script phase.\necho \"SUCCESS\" > \"${SCRIPT_OUTPUT_FILE_0}\"\n";
			showEnvVarsInLog = 0;
		};
		744B2D386841E94668EAC9B4 /* [CP] Check Pods Manifest.lock */ = {
			isa = PBXShellScriptBuildPhase;
			buildActionMask = 2147483647;
			files = (
			);
			inputFileListPaths = (
			);
			inputPaths = (
				"${PODS_PODFILE_DIR_PATH}/Podfile.lock",
				"${PODS_ROOT}/Manifest.lock",
			);
			name = "[CP] Check Pods Manifest.lock";
			outputFileListPaths = (
			);
			outputPaths = (
				"$(DERIVED_FILE_DIR)/Pods-job-readiness-checkManifestLockResult.txt",
			);
			runOnlyForDeploymentPostprocessing = 0;
			shellPath = /bin/sh;
			shellScript = "diff \"${PODS_PODFILE_DIR_PATH}/Podfile.lock\" \"${PODS_ROOT}/Manifest.lock\" > /dev/null\nif [ $? != 0 ] ; then\n    # print error to STDERR\n    echo \"error: The sandbox is not in sync with the Podfile.lock. Run 'pod install' or update your CocoaPods installation.\" >&2\n    exit 1\nfi\n# This output is used by Xcode 'outputs' to avoid re-running this script phase.\necho \"SUCCESS\" > \"${SCRIPT_OUTPUT_FILE_0}\"\n";
			showEnvVarsInLog = 0;
		};
		C344417F9C026EE618B4CAC0 /* [CP] Check Pods Manifest.lock */ = {
			isa = PBXShellScriptBuildPhase;
			buildActionMask = 2147483647;
			files = (
			);
			inputFileListPaths = (
			);
			inputPaths = (
				"${PODS_PODFILE_DIR_PATH}/Podfile.lock",
				"${PODS_ROOT}/Manifest.lock",
			);
			name = "[CP] Check Pods Manifest.lock";
			outputFileListPaths = (
			);
			outputPaths = (
				"$(DERIVED_FILE_DIR)/Pods-job-readiness-job-readinessUITests-checkManifestLockResult.txt",
			);
			runOnlyForDeploymentPostprocessing = 0;
			shellPath = /bin/sh;
			shellScript = "diff \"${PODS_PODFILE_DIR_PATH}/Podfile.lock\" \"${PODS_ROOT}/Manifest.lock\" > /dev/null\nif [ $? != 0 ] ; then\n    # print error to STDERR\n    echo \"error: The sandbox is not in sync with the Podfile.lock. Run 'pod install' or update your CocoaPods installation.\" >&2\n    exit 1\nfi\n# This output is used by Xcode 'outputs' to avoid re-running this script phase.\necho \"SUCCESS\" > \"${SCRIPT_OUTPUT_FILE_0}\"\n";
			showEnvVarsInLog = 0;
		};
/* End PBXShellScriptBuildPhase section */

/* Begin PBXSourcesBuildPhase section */
		CCF594AF28D8BB620056C610 /* Sources */ = {
			isa = PBXSourcesBuildPhase;
			buildActionMask = 2147483647;
			files = (
				CCF594F828D8D74A0056C610 /* Network.swift in Sources */,
				CCF5950728D8D95D0056C610 /* ItemDetail.swift in Sources */,
				CCF594F628D8C9BF0056C610 /* Token.swift in Sources */,
				CC8A75B128DAC5390090A633 /* UnderDevelopmentViewController.swift in Sources */,
				CCF594F428D8C7D10056C610 /* EndpointType.swift in Sources */,
				CCF594F228D8C7A70056C610 /* RequestError.swift in Sources */,
				CCF594F028D8C77C0056C610 /* EndpointBuilder.swift in Sources */,
				CCF5951528D9550A0056C610 /* Coordinator.swift in Sources */,
				CCF594BB28D8BB620056C610 /* SearchViewController.swift in Sources */,
				CC8A75AF28DABD240090A633 /* CategoryItemCell.swift in Sources */,
				CCF5950528D8D9470056C610 /* Item.swift in Sources */,
				CCF594ED28D8C7460056C610 /* Category.swift in Sources */,
				CCF594B728D8BB620056C610 /* AppDelegate.swift in Sources */,
				CCF5950928D8D97B0056C610 /* Picture.swift in Sources */,
				CCF5951A28D9568F0056C610 /* TabBarModulesFactory.swift in Sources */,
				CCF5951828D955460056C610 /* AppCoordinator.swift in Sources */,
				CC8A75AA28DA99F40090A633 /* UIColor+ExtCustom.swift in Sources */,
				CCF594B928D8BB620056C610 /* SceneDelegate.swift in Sources */,
				CC8A75A728DA996D0090A633 /* CustomNavigationController.swift in Sources */,
				CCF594E928D8BC6B0056C610 /* Networking.swift in Sources */,
			);
			runOnlyForDeploymentPostprocessing = 0;
		};
		CCF594C528D8BB640056C610 /* Sources */ = {
			isa = PBXSourcesBuildPhase;
			buildActionMask = 2147483647;
			files = (
				CCF5950E28D8DDAE0056C610 /* ItemTests.swift in Sources */,
				CCF5950C28D8DB020056C610 /* CategoryTests.swift in Sources */,
				CCF5951228D94B9E0056C610 /* ItemDetailTests.swift in Sources */,
				CCF594FC28D8D8110056C610 /* EndpointBuilderTests.swift in Sources */,
				CCF594CE28D8BB640056C610 /* NetworkingTests.swift in Sources */,
			);
			runOnlyForDeploymentPostprocessing = 0;
		};
		CCF594CF28D8BB640056C610 /* Sources */ = {
			isa = PBXSourcesBuildPhase;
			buildActionMask = 2147483647;
			files = (
				CCF594D828D8BB640056C610 /* job_readinessUITests.swift in Sources */,
				CCF594DA28D8BB640056C610 /* job_readinessUITestsLaunchTests.swift in Sources */,
			);
			runOnlyForDeploymentPostprocessing = 0;
		};
/* End PBXSourcesBuildPhase section */

/* Begin PBXTargetDependency section */
		CCF594CB28D8BB640056C610 /* PBXTargetDependency */ = {
			isa = PBXTargetDependency;
			target = CCF594B228D8BB620056C610 /* job-readiness */;
			targetProxy = CCF594CA28D8BB640056C610 /* PBXContainerItemProxy */;
		};
		CCF594D528D8BB640056C610 /* PBXTargetDependency */ = {
			isa = PBXTargetDependency;
			target = CCF594B228D8BB620056C610 /* job-readiness */;
			targetProxy = CCF594D428D8BB640056C610 /* PBXContainerItemProxy */;
		};
/* End PBXTargetDependency section */

/* Begin PBXVariantGroup section */
		CCF594C128D8BB630056C610 /* LaunchScreen.storyboard */ = {
			isa = PBXVariantGroup;
			children = (
				CCF594C228D8BB630056C610 /* Base */,
			);
			name = LaunchScreen.storyboard;
			sourceTree = "<group>";
		};
/* End PBXVariantGroup section */

/* Begin XCBuildConfiguration section */
		CCF594DB28D8BB640056C610 /* Debug */ = {
			isa = XCBuildConfiguration;
			buildSettings = {
				ALWAYS_SEARCH_USER_PATHS = NO;
				CLANG_ANALYZER_NONNULL = YES;
				CLANG_ANALYZER_NUMBER_OBJECT_CONVERSION = YES_AGGRESSIVE;
				CLANG_CXX_LANGUAGE_STANDARD = "gnu++17";
				CLANG_ENABLE_MODULES = YES;
				CLANG_ENABLE_OBJC_ARC = YES;
				CLANG_ENABLE_OBJC_WEAK = YES;
				CLANG_WARN_BLOCK_CAPTURE_AUTORELEASING = YES;
				CLANG_WARN_BOOL_CONVERSION = YES;
				CLANG_WARN_COMMA = YES;
				CLANG_WARN_CONSTANT_CONVERSION = YES;
				CLANG_WARN_DEPRECATED_OBJC_IMPLEMENTATIONS = YES;
				CLANG_WARN_DIRECT_OBJC_ISA_USAGE = YES_ERROR;
				CLANG_WARN_DOCUMENTATION_COMMENTS = YES;
				CLANG_WARN_EMPTY_BODY = YES;
				CLANG_WARN_ENUM_CONVERSION = YES;
				CLANG_WARN_INFINITE_RECURSION = YES;
				CLANG_WARN_INT_CONVERSION = YES;
				CLANG_WARN_NON_LITERAL_NULL_CONVERSION = YES;
				CLANG_WARN_OBJC_IMPLICIT_RETAIN_SELF = YES;
				CLANG_WARN_OBJC_LITERAL_CONVERSION = YES;
				CLANG_WARN_OBJC_ROOT_CLASS = YES_ERROR;
				CLANG_WARN_QUOTED_INCLUDE_IN_FRAMEWORK_HEADER = YES;
				CLANG_WARN_RANGE_LOOP_ANALYSIS = YES;
				CLANG_WARN_STRICT_PROTOTYPES = YES;
				CLANG_WARN_SUSPICIOUS_MOVE = YES;
				CLANG_WARN_UNGUARDED_AVAILABILITY = YES_AGGRESSIVE;
				CLANG_WARN_UNREACHABLE_CODE = YES;
				CLANG_WARN__DUPLICATE_METHOD_MATCH = YES;
				COPY_PHASE_STRIP = NO;
				DEBUG_INFORMATION_FORMAT = dwarf;
				ENABLE_STRICT_OBJC_MSGSEND = YES;
				ENABLE_TESTABILITY = YES;
				GCC_C_LANGUAGE_STANDARD = gnu11;
				GCC_DYNAMIC_NO_PIC = NO;
				GCC_NO_COMMON_BLOCKS = YES;
				GCC_OPTIMIZATION_LEVEL = 0;
				GCC_PREPROCESSOR_DEFINITIONS = (
					"DEBUG=1",
					"$(inherited)",
				);
				GCC_WARN_64_TO_32_BIT_CONVERSION = YES;
				GCC_WARN_ABOUT_RETURN_TYPE = YES_ERROR;
				GCC_WARN_UNDECLARED_SELECTOR = YES;
				GCC_WARN_UNINITIALIZED_AUTOS = YES_AGGRESSIVE;
				GCC_WARN_UNUSED_FUNCTION = YES;
				GCC_WARN_UNUSED_VARIABLE = YES;
				IPHONEOS_DEPLOYMENT_TARGET = 15.5;
				MTL_ENABLE_DEBUG_INFO = INCLUDE_SOURCE;
				MTL_FAST_MATH = YES;
				ONLY_ACTIVE_ARCH = YES;
				SDKROOT = iphoneos;
				SWIFT_ACTIVE_COMPILATION_CONDITIONS = DEBUG;
				SWIFT_OPTIMIZATION_LEVEL = "-Onone";
			};
			name = Debug;
		};
		CCF594DC28D8BB640056C610 /* Release */ = {
			isa = XCBuildConfiguration;
			buildSettings = {
				ALWAYS_SEARCH_USER_PATHS = NO;
				CLANG_ANALYZER_NONNULL = YES;
				CLANG_ANALYZER_NUMBER_OBJECT_CONVERSION = YES_AGGRESSIVE;
				CLANG_CXX_LANGUAGE_STANDARD = "gnu++17";
				CLANG_ENABLE_MODULES = YES;
				CLANG_ENABLE_OBJC_ARC = YES;
				CLANG_ENABLE_OBJC_WEAK = YES;
				CLANG_WARN_BLOCK_CAPTURE_AUTORELEASING = YES;
				CLANG_WARN_BOOL_CONVERSION = YES;
				CLANG_WARN_COMMA = YES;
				CLANG_WARN_CONSTANT_CONVERSION = YES;
				CLANG_WARN_DEPRECATED_OBJC_IMPLEMENTATIONS = YES;
				CLANG_WARN_DIRECT_OBJC_ISA_USAGE = YES_ERROR;
				CLANG_WARN_DOCUMENTATION_COMMENTS = YES;
				CLANG_WARN_EMPTY_BODY = YES;
				CLANG_WARN_ENUM_CONVERSION = YES;
				CLANG_WARN_INFINITE_RECURSION = YES;
				CLANG_WARN_INT_CONVERSION = YES;
				CLANG_WARN_NON_LITERAL_NULL_CONVERSION = YES;
				CLANG_WARN_OBJC_IMPLICIT_RETAIN_SELF = YES;
				CLANG_WARN_OBJC_LITERAL_CONVERSION = YES;
				CLANG_WARN_OBJC_ROOT_CLASS = YES_ERROR;
				CLANG_WARN_QUOTED_INCLUDE_IN_FRAMEWORK_HEADER = YES;
				CLANG_WARN_RANGE_LOOP_ANALYSIS = YES;
				CLANG_WARN_STRICT_PROTOTYPES = YES;
				CLANG_WARN_SUSPICIOUS_MOVE = YES;
				CLANG_WARN_UNGUARDED_AVAILABILITY = YES_AGGRESSIVE;
				CLANG_WARN_UNREACHABLE_CODE = YES;
				CLANG_WARN__DUPLICATE_METHOD_MATCH = YES;
				COPY_PHASE_STRIP = NO;
				DEBUG_INFORMATION_FORMAT = "dwarf-with-dsym";
				ENABLE_NS_ASSERTIONS = NO;
				ENABLE_STRICT_OBJC_MSGSEND = YES;
				GCC_C_LANGUAGE_STANDARD = gnu11;
				GCC_NO_COMMON_BLOCKS = YES;
				GCC_WARN_64_TO_32_BIT_CONVERSION = YES;
				GCC_WARN_ABOUT_RETURN_TYPE = YES_ERROR;
				GCC_WARN_UNDECLARED_SELECTOR = YES;
				GCC_WARN_UNINITIALIZED_AUTOS = YES_AGGRESSIVE;
				GCC_WARN_UNUSED_FUNCTION = YES;
				GCC_WARN_UNUSED_VARIABLE = YES;
				IPHONEOS_DEPLOYMENT_TARGET = 15.5;
				MTL_ENABLE_DEBUG_INFO = NO;
				MTL_FAST_MATH = YES;
				SDKROOT = iphoneos;
				SWIFT_COMPILATION_MODE = wholemodule;
				SWIFT_OPTIMIZATION_LEVEL = "-O";
				VALIDATE_PRODUCT = YES;
			};
			name = Release;
		};
		CCF594DE28D8BB640056C610 /* Debug */ = {
			isa = XCBuildConfiguration;
			baseConfigurationReference = 4E34B90A97B20D3610B55F24 /* Pods-job-readiness.debug.xcconfig */;
			buildSettings = {
				ASSETCATALOG_COMPILER_APPICON_NAME = AppIcon;
				ASSETCATALOG_COMPILER_GLOBAL_ACCENT_COLOR_NAME = AccentColor;
				CODE_SIGN_STYLE = Automatic;
				CURRENT_PROJECT_VERSION = 1;
				DEVELOPMENT_TEAM = 7S264SD7S7;
				GENERATE_INFOPLIST_FILE = YES;
				INFOPLIST_FILE = "job-readiness/Info.plist";
				INFOPLIST_KEY_UIApplicationSupportsIndirectInputEvents = YES;
				INFOPLIST_KEY_UILaunchStoryboardName = LaunchScreen;
				INFOPLIST_KEY_UISupportedInterfaceOrientations_iPad = "UIInterfaceOrientationPortrait UIInterfaceOrientationPortraitUpsideDown UIInterfaceOrientationLandscapeLeft UIInterfaceOrientationLandscapeRight";
				INFOPLIST_KEY_UISupportedInterfaceOrientations_iPhone = "UIInterfaceOrientationPortrait UIInterfaceOrientationLandscapeLeft UIInterfaceOrientationLandscapeRight";
				LD_RUNPATH_SEARCH_PATHS = (
					"$(inherited)",
					"@executable_path/Frameworks",
				);
				MARKETING_VERSION = 1.0;
				PRODUCT_BUNDLE_IDENTIFIER = "alkemy.job-readiness";
				PRODUCT_NAME = "$(TARGET_NAME)";
				SWIFT_EMIT_LOC_STRINGS = YES;
				SWIFT_VERSION = 5.0;
				TARGETED_DEVICE_FAMILY = "1,2";
			};
			name = Debug;
		};
		CCF594DF28D8BB640056C610 /* Release */ = {
			isa = XCBuildConfiguration;
			baseConfigurationReference = 0B91394DA0CD78C47B2EF542 /* Pods-job-readiness.release.xcconfig */;
			buildSettings = {
				ASSETCATALOG_COMPILER_APPICON_NAME = AppIcon;
				ASSETCATALOG_COMPILER_GLOBAL_ACCENT_COLOR_NAME = AccentColor;
				CODE_SIGN_STYLE = Automatic;
				CURRENT_PROJECT_VERSION = 1;
				DEVELOPMENT_TEAM = 7S264SD7S7;
				GENERATE_INFOPLIST_FILE = YES;
				INFOPLIST_FILE = "job-readiness/Info.plist";
				INFOPLIST_KEY_UIApplicationSupportsIndirectInputEvents = YES;
				INFOPLIST_KEY_UILaunchStoryboardName = LaunchScreen;
				INFOPLIST_KEY_UISupportedInterfaceOrientations_iPad = "UIInterfaceOrientationPortrait UIInterfaceOrientationPortraitUpsideDown UIInterfaceOrientationLandscapeLeft UIInterfaceOrientationLandscapeRight";
				INFOPLIST_KEY_UISupportedInterfaceOrientations_iPhone = "UIInterfaceOrientationPortrait UIInterfaceOrientationLandscapeLeft UIInterfaceOrientationLandscapeRight";
				LD_RUNPATH_SEARCH_PATHS = (
					"$(inherited)",
					"@executable_path/Frameworks",
				);
				MARKETING_VERSION = 1.0;
				PRODUCT_BUNDLE_IDENTIFIER = "alkemy.job-readiness";
				PRODUCT_NAME = "$(TARGET_NAME)";
				SWIFT_EMIT_LOC_STRINGS = YES;
				SWIFT_VERSION = 5.0;
				TARGETED_DEVICE_FAMILY = "1,2";
			};
			name = Release;
		};
		CCF594E128D8BB640056C610 /* Debug */ = {
			isa = XCBuildConfiguration;
			baseConfigurationReference = CA25096F8DEB92323C308E74 /* Pods-job-readinessTests.debug.xcconfig */;
			buildSettings = {
				ALWAYS_EMBED_SWIFT_STANDARD_LIBRARIES = YES;
				BUNDLE_LOADER = "$(TEST_HOST)";
				CODE_SIGN_STYLE = Automatic;
				CURRENT_PROJECT_VERSION = 1;
				DEVELOPMENT_TEAM = 7S264SD7S7;
				GENERATE_INFOPLIST_FILE = YES;
				IPHONEOS_DEPLOYMENT_TARGET = 15.5;
				MARKETING_VERSION = 1.0;
				PRODUCT_BUNDLE_IDENTIFIER = "alkemy.job-readinessTests";
				PRODUCT_NAME = "$(TARGET_NAME)";
				SWIFT_EMIT_LOC_STRINGS = NO;
				SWIFT_VERSION = 5.0;
				TARGETED_DEVICE_FAMILY = "1,2";
				TEST_HOST = "$(BUILT_PRODUCTS_DIR)/job-readiness.app/job-readiness";
			};
			name = Debug;
		};
		CCF594E228D8BB640056C610 /* Release */ = {
			isa = XCBuildConfiguration;
			baseConfigurationReference = 38B35B5D3003BD3D6CEF38FD /* Pods-job-readinessTests.release.xcconfig */;
			buildSettings = {
				ALWAYS_EMBED_SWIFT_STANDARD_LIBRARIES = YES;
				BUNDLE_LOADER = "$(TEST_HOST)";
				CODE_SIGN_STYLE = Automatic;
				CURRENT_PROJECT_VERSION = 1;
				DEVELOPMENT_TEAM = 7S264SD7S7;
				GENERATE_INFOPLIST_FILE = YES;
				IPHONEOS_DEPLOYMENT_TARGET = 15.5;
				MARKETING_VERSION = 1.0;
				PRODUCT_BUNDLE_IDENTIFIER = "alkemy.job-readinessTests";
				PRODUCT_NAME = "$(TARGET_NAME)";
				SWIFT_EMIT_LOC_STRINGS = NO;
				SWIFT_VERSION = 5.0;
				TARGETED_DEVICE_FAMILY = "1,2";
				TEST_HOST = "$(BUILT_PRODUCTS_DIR)/job-readiness.app/job-readiness";
			};
			name = Release;
		};
		CCF594E428D8BB640056C610 /* Debug */ = {
			isa = XCBuildConfiguration;
			baseConfigurationReference = 319588039F6D900B771B2257 /* Pods-job-readiness-job-readinessUITests.debug.xcconfig */;
			buildSettings = {
				ALWAYS_EMBED_SWIFT_STANDARD_LIBRARIES = YES;
				CODE_SIGN_STYLE = Automatic;
				CURRENT_PROJECT_VERSION = 1;
				DEVELOPMENT_TEAM = 7S264SD7S7;
				GENERATE_INFOPLIST_FILE = YES;
				MARKETING_VERSION = 1.0;
				PRODUCT_BUNDLE_IDENTIFIER = "alkemy.job-readinessUITests";
				PRODUCT_NAME = "$(TARGET_NAME)";
				SWIFT_EMIT_LOC_STRINGS = NO;
				SWIFT_VERSION = 5.0;
				TARGETED_DEVICE_FAMILY = "1,2";
				TEST_TARGET_NAME = "job-readiness";
			};
			name = Debug;
		};
		CCF594E528D8BB640056C610 /* Release */ = {
			isa = XCBuildConfiguration;
			baseConfigurationReference = FCCD1739278565E7FBBC08D3 /* Pods-job-readiness-job-readinessUITests.release.xcconfig */;
			buildSettings = {
				ALWAYS_EMBED_SWIFT_STANDARD_LIBRARIES = YES;
				CODE_SIGN_STYLE = Automatic;
				CURRENT_PROJECT_VERSION = 1;
				DEVELOPMENT_TEAM = 7S264SD7S7;
				GENERATE_INFOPLIST_FILE = YES;
				MARKETING_VERSION = 1.0;
				PRODUCT_BUNDLE_IDENTIFIER = "alkemy.job-readinessUITests";
				PRODUCT_NAME = "$(TARGET_NAME)";
				SWIFT_EMIT_LOC_STRINGS = NO;
				SWIFT_VERSION = 5.0;
				TARGETED_DEVICE_FAMILY = "1,2";
				TEST_TARGET_NAME = "job-readiness";
			};
			name = Release;
		};
/* End XCBuildConfiguration section */

/* Begin XCConfigurationList section */
		CCF594AE28D8BB620056C610 /* Build configuration list for PBXProject "job-readiness" */ = {
			isa = XCConfigurationList;
			buildConfigurations = (
				CCF594DB28D8BB640056C610 /* Debug */,
				CCF594DC28D8BB640056C610 /* Release */,
			);
			defaultConfigurationIsVisible = 0;
			defaultConfigurationName = Release;
		};
		CCF594DD28D8BB640056C610 /* Build configuration list for PBXNativeTarget "job-readiness" */ = {
			isa = XCConfigurationList;
			buildConfigurations = (
				CCF594DE28D8BB640056C610 /* Debug */,
				CCF594DF28D8BB640056C610 /* Release */,
			);
			defaultConfigurationIsVisible = 0;
			defaultConfigurationName = Release;
		};
		CCF594E028D8BB640056C610 /* Build configuration list for PBXNativeTarget "job-readinessTests" */ = {
			isa = XCConfigurationList;
			buildConfigurations = (
				CCF594E128D8BB640056C610 /* Debug */,
				CCF594E228D8BB640056C610 /* Release */,
			);
			defaultConfigurationIsVisible = 0;
			defaultConfigurationName = Release;
		};
		CCF594E328D8BB640056C610 /* Build configuration list for PBXNativeTarget "job-readinessUITests" */ = {
			isa = XCConfigurationList;
			buildConfigurations = (
				CCF594E428D8BB640056C610 /* Debug */,
				CCF594E528D8BB640056C610 /* Release */,
			);
			defaultConfigurationIsVisible = 0;
			defaultConfigurationName = Release;
		};
/* End XCConfigurationList section */
	};
	rootObject = CCF594AB28D8BB620056C610 /* Project object */;
}
