// !$*UTF8*$!
{
	archiveVersion = 1;
	classes = {
	};
	objectVersion = 55;
	objects = {

/* Begin PBXBuildFile section */
		CCF594B728D8BB620056C610 /* AppDelegate.swift in Sources */ = {isa = PBXBuildFile; fileRef = CCF594B628D8BB620056C610 /* AppDelegate.swift */; };
		CCF594B928D8BB620056C610 /* SceneDelegate.swift in Sources */ = {isa = PBXBuildFile; fileRef = CCF594B828D8BB620056C610 /* SceneDelegate.swift */; };
		CCF594BB28D8BB620056C610 /* ViewController.swift in Sources */ = {isa = PBXBuildFile; fileRef = CCF594BA28D8BB620056C610 /* ViewController.swift */; };
		CCF594BE28D8BB620056C610 /* Main.storyboard in Resources */ = {isa = PBXBuildFile; fileRef = CCF594BC28D8BB620056C610 /* Main.storyboard */; };
		CCF594C028D8BB630056C610 /* Assets.xcassets in Resources */ = {isa = PBXBuildFile; fileRef = CCF594BF28D8BB630056C610 /* Assets.xcassets */; };
		CCF594C328D8BB630056C610 /* LaunchScreen.storyboard in Resources */ = {isa = PBXBuildFile; fileRef = CCF594C128D8BB630056C610 /* LaunchScreen.storyboard */; };
		CCF594CE28D8BB640056C610 /* job_readinessTests.swift in Sources */ = {isa = PBXBuildFile; fileRef = CCF594CD28D8BB640056C610 /* job_readinessTests.swift */; };
		CCF594D828D8BB640056C610 /* job_readinessUITests.swift in Sources */ = {isa = PBXBuildFile; fileRef = CCF594D728D8BB640056C610 /* job_readinessUITests.swift */; };
		CCF594DA28D8BB640056C610 /* job_readinessUITestsLaunchTests.swift in Sources */ = {isa = PBXBuildFile; fileRef = CCF594D928D8BB640056C610 /* job_readinessUITestsLaunchTests.swift */; };
		CCF594E728D8BBA70056C610 /* category.json in Resources */ = {isa = PBXBuildFile; fileRef = CCF594E628D8BBA70056C610 /* category.json */; };
		CCF594E928D8BC6B0056C610 /* Networking.swift in Sources */ = {isa = PBXBuildFile; fileRef = CCF594E828D8BC6B0056C610 /* Networking.swift */; };
/* End PBXBuildFile section */

/* Begin PBXContainerItemProxy section */
		CCF594CA28D8BB640056C610 /* PBXContainerItemProxy */ = {
			isa = PBXContainerItemProxy;
			containerPortal = CCF594AB28D8BB620056C610 /* Project object */;
			proxyType = 1;
			remoteGlobalIDString = CCF594B228D8BB620056C610;
			remoteInfo = "job-readiness";
		};
		CCF594D428D8BB640056C610 /* PBXContainerItemProxy */ = {
			isa = PBXContainerItemProxy;
			containerPortal = CCF594AB28D8BB620056C610 /* Project object */;
			proxyType = 1;
			remoteGlobalIDString = CCF594B228D8BB620056C610;
			remoteInfo = "job-readiness";
		};
/* End PBXContainerItemProxy section */

/* Begin PBXFileReference section */
		CCF594B328D8BB620056C610 /* job-readiness.app */ = {isa = PBXFileReference; explicitFileType = wrapper.application; includeInIndex = 0; path = "job-readiness.app"; sourceTree = BUILT_PRODUCTS_DIR; };
		CCF594B628D8BB620056C610 /* AppDelegate.swift */ = {isa = PBXFileReference; lastKnownFileType = sourcecode.swift; path = AppDelegate.swift; sourceTree = "<group>"; };
		CCF594B828D8BB620056C610 /* SceneDelegate.swift */ = {isa = PBXFileReference; lastKnownFileType = sourcecode.swift; path = SceneDelegate.swift; sourceTree = "<group>"; };
		CCF594BA28D8BB620056C610 /* ViewController.swift */ = {isa = PBXFileReference; lastKnownFileType = sourcecode.swift; path = ViewController.swift; sourceTree = "<group>"; };
		CCF594BD28D8BB620056C610 /* Base */ = {isa = PBXFileReference; lastKnownFileType = file.storyboard; name = Base; path = Base.lproj/Main.storyboard; sourceTree = "<group>"; };
		CCF594BF28D8BB630056C610 /* Assets.xcassets */ = {isa = PBXFileReference; lastKnownFileType = folder.assetcatalog; path = Assets.xcassets; sourceTree = "<group>"; };
		CCF594C228D8BB630056C610 /* Base */ = {isa = PBXFileReference; lastKnownFileType = file.storyboard; name = Base; path = Base.lproj/LaunchScreen.storyboard; sourceTree = "<group>"; };
		CCF594C428D8BB630056C610 /* Info.plist */ = {isa = PBXFileReference; lastKnownFileType = text.plist.xml; path = Info.plist; sourceTree = "<group>"; };
		CCF594C928D8BB640056C610 /* job-readinessTests.xctest */ = {isa = PBXFileReference; explicitFileType = wrapper.cfbundle; includeInIndex = 0; path = "job-readinessTests.xctest"; sourceTree = BUILT_PRODUCTS_DIR; };
		CCF594CD28D8BB640056C610 /* job_readinessTests.swift */ = {isa = PBXFileReference; lastKnownFileType = sourcecode.swift; path = job_readinessTests.swift; sourceTree = "<group>"; };
		CCF594D328D8BB640056C610 /* job-readinessUITests.xctest */ = {isa = PBXFileReference; explicitFileType = wrapper.cfbundle; includeInIndex = 0; path = "job-readinessUITests.xctest"; sourceTree = BUILT_PRODUCTS_DIR; };
		CCF594D728D8BB640056C610 /* job_readinessUITests.swift */ = {isa = PBXFileReference; lastKnownFileType = sourcecode.swift; path = job_readinessUITests.swift; sourceTree = "<group>"; };
		CCF594D928D8BB640056C610 /* job_readinessUITestsLaunchTests.swift */ = {isa = PBXFileReference; lastKnownFileType = sourcecode.swift; path = job_readinessUITestsLaunchTests.swift; sourceTree = "<group>"; };
		CCF594E628D8BBA70056C610 /* category.json */ = {isa = PBXFileReference; lastKnownFileType = text.json; path = category.json; sourceTree = "<group>"; xcLanguageSpecificationIdentifier = xcode.lang.json; };
		CCF594E828D8BC6B0056C610 /* Networking.swift */ = {isa = PBXFileReference; lastKnownFileType = sourcecode.swift; path = Networking.swift; sourceTree = "<group>"; };
/* End PBXFileReference section */

/* Begin PBXFrameworksBuildPhase section */
		CCF594B028D8BB620056C610 /* Frameworks */ = {
			isa = PBXFrameworksBuildPhase;
			buildActionMask = 2147483647;
			files = (
			);
			runOnlyForDeploymentPostprocessing = 0;
		};
		CCF594C628D8BB640056C610 /* Frameworks */ = {
			isa = PBXFrameworksBuildPhase;
			buildActionMask = 2147483647;
			files = (
			);
			runOnlyForDeploymentPostprocessing = 0;
		};
		CCF594D028D8BB640056C610 /* Frameworks */ = {
			isa = PBXFrameworksBuildPhase;
			buildActionMask = 2147483647;
			files = (
			);
			runOnlyForDeploymentPostprocessing = 0;
		};
/* End PBXFrameworksBuildPhase section */

/* Begin PBXGroup section */
		CCF594AA28D8BB620056C610 = {
			isa = PBXGroup;
			children = (
				CCF594B528D8BB620056C610 /* job-readiness */,
				CCF594CC28D8BB640056C610 /* job-readinessTests */,
				CCF594D628D8BB640056C610 /* job-readinessUITests */,
				CCF594B428D8BB620056C610 /* Products */,
			);
			sourceTree = "<group>";
		};
		CCF594B428D8BB620056C610 /* Products */ = {
			isa = PBXGroup;
			children = (
				CCF594B328D8BB620056C610 /* job-readiness.app */,
				CCF594C928D8BB640056C610 /* job-readinessTests.xctest */,
				CCF594D328D8BB640056C610 /* job-readinessUITests.xctest */,
			);
			name = Products;
			sourceTree = "<group>";
		};
		CCF594B528D8BB620056C610 /* job-readiness */ = {
			isa = PBXGroup;
			children = (
				CCF594E828D8BC6B0056C610 /* Networking.swift */,
				CCF594B628D8BB620056C610 /* AppDelegate.swift */,
				CCF594B828D8BB620056C610 /* SceneDelegate.swift */,
				CCF594BA28D8BB620056C610 /* ViewController.swift */,
				CCF594BC28D8BB620056C610 /* Main.storyboard */,
				CCF594BF28D8BB630056C610 /* Assets.xcassets */,
				CCF594C128D8BB630056C610 /* LaunchScreen.storyboard */,
				CCF594C428D8BB630056C610 /* Info.plist */,
				CCF594E628D8BBA70056C610 /* category.json */,
			);
			path = "job-readiness";
			sourceTree = "<group>";
		};
		CCF594CC28D8BB640056C610 /* job-readinessTests */ = {
			isa = PBXGroup;
			children = (
				CCF594CD28D8BB640056C610 /* job_readinessTests.swift */,
			);
			path = "job-readinessTests";
			sourceTree = "<group>";
		};
		CCF594D628D8BB640056C610 /* job-readinessUITests */ = {
			isa = PBXGroup;
			children = (
				CCF594D728D8BB640056C610 /* job_readinessUITests.swift */,
				CCF594D928D8BB640056C610 /* job_readinessUITestsLaunchTests.swift */,
			);
			path = "job-readinessUITests";
			sourceTree = "<group>";
		};
/* End PBXGroup section */

/* Begin PBXNativeTarget section */
		CCF594B228D8BB620056C610 /* job-readiness */ = {
			isa = PBXNativeTarget;
			buildConfigurationList = CCF594DD28D8BB640056C610 /* Build configuration list for PBXNativeTarget "job-readiness" */;
			buildPhases = (
				CCF594AF28D8BB620056C610 /* Sources */,
				CCF594B028D8BB620056C610 /* Frameworks */,
				CCF594B128D8BB620056C610 /* Resources */,
			);
			buildRules = (
			);
			dependencies = (
			);
			name = "job-readiness";
			productName = "job-readiness";
			productReference = CCF594B328D8BB620056C610 /* job-readiness.app */;
			productType = "com.apple.product-type.application";
		};
		CCF594C828D8BB640056C610 /* job-readinessTests */ = {
			isa = PBXNativeTarget;
			buildConfigurationList = CCF594E028D8BB640056C610 /* Build configuration list for PBXNativeTarget "job-readinessTests" */;
			buildPhases = (
				CCF594C528D8BB640056C610 /* Sources */,
				CCF594C628D8BB640056C610 /* Frameworks */,
				CCF594C728D8BB640056C610 /* Resources */,
			);
			buildRules = (
			);
			dependencies = (
				CCF594CB28D8BB640056C610 /* PBXTargetDependency */,
			);
			name = "job-readinessTests";
			productName = "job-readinessTests";
			productReference = CCF594C928D8BB640056C610 /* job-readinessTests.xctest */;
			productType = "com.apple.product-type.bundle.unit-test";
		};
		CCF594D228D8BB640056C610 /* job-readinessUITests */ = {
			isa = PBXNativeTarget;
			buildConfigurationList = CCF594E328D8BB640056C610 /* Build configuration list for PBXNativeTarget "job-readinessUITests" */;
			buildPhases = (
				CCF594CF28D8BB640056C610 /* Sources */,
				CCF594D028D8BB640056C610 /* Frameworks */,
				CCF594D128D8BB640056C610 /* Resources */,
			);
			buildRules = (
			);
			dependencies = (
				CCF594D528D8BB640056C610 /* PBXTargetDependency */,
			);
			name = "job-readinessUITests";
			productName = "job-readinessUITests";
			productReference = CCF594D328D8BB640056C610 /* job-readinessUITests.xctest */;
			productType = "com.apple.product-type.bundle.ui-testing";
		};
/* End PBXNativeTarget section */

/* Begin PBXProject section */
		CCF594AB28D8BB620056C610 /* Project object */ = {
			isa = PBXProject;
			attributes = {
				BuildIndependentTargetsInParallel = 1;
				LastSwiftUpdateCheck = 1340;
				LastUpgradeCheck = 1340;
				TargetAttributes = {
					CCF594B228D8BB620056C610 = {
						CreatedOnToolsVersion = 13.4.1;
					};
					CCF594C828D8BB640056C610 = {
						CreatedOnToolsVersion = 13.4.1;
						TestTargetID = CCF594B228D8BB620056C610;
					};
					CCF594D228D8BB640056C610 = {
						CreatedOnToolsVersion = 13.4.1;
						TestTargetID = CCF594B228D8BB620056C610;
					};
				};
			};
			buildConfigurationList = CCF594AE28D8BB620056C610 /* Build configuration list for PBXProject "job-readiness" */;
			compatibilityVersion = "Xcode 13.0";
			developmentRegion = en;
			hasScannedForEncodings = 0;
			knownRegions = (
				en,
				Base,
			);
			mainGroup = CCF594AA28D8BB620056C610;
			productRefGroup = CCF594B428D8BB620056C610 /* Products */;
			projectDirPath = "";
			projectRoot = "";
			targets = (
				CCF594B228D8BB620056C610 /* job-readiness */,
				CCF594C828D8BB640056C610 /* job-readinessTests */,
				CCF594D228D8BB640056C610 /* job-readinessUITests */,
			);
		};
/* End PBXProject section */

/* Begin PBXResourcesBuildPhase section */
		CCF594B128D8BB620056C610 /* Resources */ = {
			isa = PBXResourcesBuildPhase;
			buildActionMask = 2147483647;
			files = (
				CCF594C328D8BB630056C610 /* LaunchScreen.storyboard in Resources */,
				CCF594C028D8BB630056C610 /* Assets.xcassets in Resources */,
				CCF594E728D8BBA70056C610 /* category.json in Resources */,
				CCF594BE28D8BB620056C610 /* Main.storyboard in Resources */,
			);
			runOnlyForDeploymentPostprocessing = 0;
		};
		CCF594C728D8BB640056C610 /* Resources */ = {
			isa = PBXResourcesBuildPhase;
			buildActionMask = 2147483647;
			files = (
			);
			runOnlyForDeploymentPostprocessing = 0;
		};
		CCF594D128D8BB640056C610 /* Resources */ = {
			isa = PBXResourcesBuildPhase;
			buildActionMask = 2147483647;
			files = (
			);
			runOnlyForDeploymentPostprocessing = 0;
		};
/* End PBXResourcesBuildPhase section */

/* Begin PBXSourcesBuildPhase section */
		CCF594AF28D8BB620056C610 /* Sources */ = {
			isa = PBXSourcesBuildPhase;
			buildActionMask = 2147483647;
			files = (
				CCF594BB28D8BB620056C610 /* ViewController.swift in Sources */,
				CCF594B728D8BB620056C610 /* AppDelegate.swift in Sources */,
				CCF594B928D8BB620056C610 /* SceneDelegate.swift in Sources */,
				CCF594E928D8BC6B0056C610 /* Networking.swift in Sources */,
			);
			runOnlyForDeploymentPostprocessing = 0;
		};
		CCF594C528D8BB640056C610 /* Sources */ = {
			isa = PBXSourcesBuildPhase;
			buildActionMask = 2147483647;
			files = (
				CCF594CE28D8BB640056C610 /* job_readinessTests.swift in Sources */,
			);
			runOnlyForDeploymentPostprocessing = 0;
		};
		CCF594CF28D8BB640056C610 /* Sources */ = {
			isa = PBXSourcesBuildPhase;
			buildActionMask = 2147483647;
			files = (
				CCF594D828D8BB640056C610 /* job_readinessUITests.swift in Sources */,
				CCF594DA28D8BB640056C610 /* job_readinessUITestsLaunchTests.swift in Sources */,
			);
			runOnlyForDeploymentPostprocessing = 0;
		};
/* End PBXSourcesBuildPhase section */

/* Begin PBXTargetDependency section */
		CCF594CB28D8BB640056C610 /* PBXTargetDependency */ = {
			isa = PBXTargetDependency;
			target = CCF594B228D8BB620056C610 /* job-readiness */;
			targetProxy = CCF594CA28D8BB640056C610 /* PBXContainerItemProxy */;
		};
		CCF594D528D8BB640056C610 /* PBXTargetDependency */ = {
			isa = PBXTargetDependency;
			target = CCF594B228D8BB620056C610 /* job-readiness */;
			targetProxy = CCF594D428D8BB640056C610 /* PBXContainerItemProxy */;
		};
/* End PBXTargetDependency section */

/* Begin PBXVariantGroup section */
		CCF594BC28D8BB620056C610 /* Main.storyboard */ = {
			isa = PBXVariantGroup;
			children = (
				CCF594BD28D8BB620056C610 /* Base */,
			);
			name = Main.storyboard;
			sourceTree = "<group>";
		};
		CCF594C128D8BB630056C610 /* LaunchScreen.storyboard */ = {
			isa = PBXVariantGroup;
			children = (
				CCF594C228D8BB630056C610 /* Base */,
			);
			name = LaunchScreen.storyboard;
			sourceTree = "<group>";
		};
/* End PBXVariantGroup section */

/* Begin XCBuildConfiguration section */
		CCF594DB28D8BB640056C610 /* Debug */ = {
			isa = XCBuildConfiguration;
			buildSettings = {
				ALWAYS_SEARCH_USER_PATHS = NO;
				CLANG_ANALYZER_NONNULL = YES;
				CLANG_ANALYZER_NUMBER_OBJECT_CONVERSION = YES_AGGRESSIVE;
				CLANG_CXX_LANGUAGE_STANDARD = "gnu++17";
				CLANG_ENABLE_MODULES = YES;
				CLANG_ENABLE_OBJC_ARC = YES;
				CLANG_ENABLE_OBJC_WEAK = YES;
				CLANG_WARN_BLOCK_CAPTURE_AUTORELEASING = YES;
				CLANG_WARN_BOOL_CONVERSION = YES;
				CLANG_WARN_COMMA = YES;
				CLANG_WARN_CONSTANT_CONVERSION = YES;
				CLANG_WARN_DEPRECATED_OBJC_IMPLEMENTATIONS = YES;
				CLANG_WARN_DIRECT_OBJC_ISA_USAGE = YES_ERROR;
				CLANG_WARN_DOCUMENTATION_COMMENTS = YES;
				CLANG_WARN_EMPTY_BODY = YES;
				CLANG_WARN_ENUM_CONVERSION = YES;
				CLANG_WARN_INFINITE_RECURSION = YES;
				CLANG_WARN_INT_CONVERSION = YES;
				CLANG_WARN_NON_LITERAL_NULL_CONVERSION = YES;
				CLANG_WARN_OBJC_IMPLICIT_RETAIN_SELF = YES;
				CLANG_WARN_OBJC_LITERAL_CONVERSION = YES;
				CLANG_WARN_OBJC_ROOT_CLASS = YES_ERROR;
				CLANG_WARN_QUOTED_INCLUDE_IN_FRAMEWORK_HEADER = YES;
				CLANG_WARN_RANGE_LOOP_ANALYSIS = YES;
				CLANG_WARN_STRICT_PROTOTYPES = YES;
				CLANG_WARN_SUSPICIOUS_MOVE = YES;
				CLANG_WARN_UNGUARDED_AVAILABILITY = YES_AGGRESSIVE;
				CLANG_WARN_UNREACHABLE_CODE = YES;
				CLANG_WARN__DUPLICATE_METHOD_MATCH = YES;
				COPY_PHASE_STRIP = NO;
				DEBUG_INFORMATION_FORMAT = dwarf;
				ENABLE_STRICT_OBJC_MSGSEND = YES;
				ENABLE_TESTABILITY = YES;
				GCC_C_LANGUAGE_STANDARD = gnu11;
				GCC_DYNAMIC_NO_PIC = NO;
				GCC_NO_COMMON_BLOCKS = YES;
				GCC_OPTIMIZATION_LEVEL = 0;
				GCC_PREPROCESSOR_DEFINITIONS = (
					"DEBUG=1",
					"$(inherited)",
				);
				GCC_WARN_64_TO_32_BIT_CONVERSION = YES;
				GCC_WARN_ABOUT_RETURN_TYPE = YES_ERROR;
				GCC_WARN_UNDECLARED_SELECTOR = YES;
				GCC_WARN_UNINITIALIZED_AUTOS = YES_AGGRESSIVE;
				GCC_WARN_UNUSED_FUNCTION = YES;
				GCC_WARN_UNUSED_VARIABLE = YES;
				IPHONEOS_DEPLOYMENT_TARGET = 15.5;
				MTL_ENABLE_DEBUG_INFO = INCLUDE_SOURCE;
				MTL_FAST_MATH = YES;
				ONLY_ACTIVE_ARCH = YES;
				SDKROOT = iphoneos;
				SWIFT_ACTIVE_COMPILATION_CONDITIONS = DEBUG;
				SWIFT_OPTIMIZATION_LEVEL = "-Onone";
			};
			name = Debug;
		};
		CCF594DC28D8BB640056C610 /* Release */ = {
			isa = XCBuildConfiguration;
			buildSettings = {
				ALWAYS_SEARCH_USER_PATHS = NO;
				CLANG_ANALYZER_NONNULL = YES;
				CLANG_ANALYZER_NUMBER_OBJECT_CONVERSION = YES_AGGRESSIVE;
				CLANG_CXX_LANGUAGE_STANDARD = "gnu++17";
				CLANG_ENABLE_MODULES = YES;
				CLANG_ENABLE_OBJC_ARC = YES;
				CLANG_ENABLE_OBJC_WEAK = YES;
				CLANG_WARN_BLOCK_CAPTURE_AUTORELEASING = YES;
				CLANG_WARN_BOOL_CONVERSION = YES;
				CLANG_WARN_COMMA = YES;
				CLANG_WARN_CONSTANT_CONVERSION = YES;
				CLANG_WARN_DEPRECATED_OBJC_IMPLEMENTATIONS = YES;
				CLANG_WARN_DIRECT_OBJC_ISA_USAGE = YES_ERROR;
				CLANG_WARN_DOCUMENTATION_COMMENTS = YES;
				CLANG_WARN_EMPTY_BODY = YES;
				CLANG_WARN_ENUM_CONVERSION = YES;
				CLANG_WARN_INFINITE_RECURSION = YES;
				CLANG_WARN_INT_CONVERSION = YES;
				CLANG_WARN_NON_LITERAL_NULL_CONVERSION = YES;
				CLANG_WARN_OBJC_IMPLICIT_RETAIN_SELF = YES;
				CLANG_WARN_OBJC_LITERAL_CONVERSION = YES;
				CLANG_WARN_OBJC_ROOT_CLASS = YES_ERROR;
				CLANG_WARN_QUOTED_INCLUDE_IN_FRAMEWORK_HEADER = YES;
				CLANG_WARN_RANGE_LOOP_ANALYSIS = YES;
				CLANG_WARN_STRICT_PROTOTYPES = YES;
				CLANG_WARN_SUSPICIOUS_MOVE = YES;
				CLANG_WARN_UNGUARDED_AVAILABILITY = YES_AGGRESSIVE;
				CLANG_WARN_UNREACHABLE_CODE = YES;
				CLANG_WARN__DUPLICATE_METHOD_MATCH = YES;
				COPY_PHASE_STRIP = NO;
				DEBUG_INFORMATION_FORMAT = "dwarf-with-dsym";
				ENABLE_NS_ASSERTIONS = NO;
				ENABLE_STRICT_OBJC_MSGSEND = YES;
				GCC_C_LANGUAGE_STANDARD = gnu11;
				GCC_NO_COMMON_BLOCKS = YES;
				GCC_WARN_64_TO_32_BIT_CONVERSION = YES;
				GCC_WARN_ABOUT_RETURN_TYPE = YES_ERROR;
				GCC_WARN_UNDECLARED_SELECTOR = YES;
				GCC_WARN_UNINITIALIZED_AUTOS = YES_AGGRESSIVE;
				GCC_WARN_UNUSED_FUNCTION = YES;
				GCC_WARN_UNUSED_VARIABLE = YES;
				IPHONEOS_DEPLOYMENT_TARGET = 15.5;
				MTL_ENABLE_DEBUG_INFO = NO;
				MTL_FAST_MATH = YES;
				SDKROOT = iphoneos;
				SWIFT_COMPILATION_MODE = wholemodule;
				SWIFT_OPTIMIZATION_LEVEL = "-O";
				VALIDATE_PRODUCT = YES;
			};
			name = Release;
		};
		CCF594DE28D8BB640056C610 /* Debug */ = {
			isa = XCBuildConfiguration;
			buildSettings = {
				ASSETCATALOG_COMPILER_APPICON_NAME = AppIcon;
				ASSETCATALOG_COMPILER_GLOBAL_ACCENT_COLOR_NAME = AccentColor;
				CODE_SIGN_STYLE = Automatic;
				CURRENT_PROJECT_VERSION = 1;
				DEVELOPMENT_TEAM = 7S264SD7S7;
				GENERATE_INFOPLIST_FILE = YES;
				INFOPLIST_FILE = "job-readiness/Info.plist";
				INFOPLIST_KEY_UIApplicationSupportsIndirectInputEvents = YES;
				INFOPLIST_KEY_UILaunchStoryboardName = LaunchScreen;
				INFOPLIST_KEY_UIMainStoryboardFile = Main;
				INFOPLIST_KEY_UISupportedInterfaceOrientations_iPad = "UIInterfaceOrientationPortrait UIInterfaceOrientationPortraitUpsideDown UIInterfaceOrientationLandscapeLeft UIInterfaceOrientationLandscapeRight";
				INFOPLIST_KEY_UISupportedInterfaceOrientations_iPhone = "UIInterfaceOrientationPortrait UIInterfaceOrientationLandscapeLeft UIInterfaceOrientationLandscapeRight";
				LD_RUNPATH_SEARCH_PATHS = (
					"$(inherited)",
					"@executable_path/Frameworks",
				);
				MARKETING_VERSION = 1.0;
				PRODUCT_BUNDLE_IDENTIFIER = "alkemy.job-readiness";
				PRODUCT_NAME = "$(TARGET_NAME)";
				SWIFT_EMIT_LOC_STRINGS = YES;
				SWIFT_VERSION = 5.0;
				TARGETED_DEVICE_FAMILY = "1,2";
			};
			name = Debug;
		};
		CCF594DF28D8BB640056C610 /* Release */ = {
			isa = XCBuildConfiguration;
			buildSettings = {
				ASSETCATALOG_COMPILER_APPICON_NAME = AppIcon;
				ASSETCATALOG_COMPILER_GLOBAL_ACCENT_COLOR_NAME = AccentColor;
				CODE_SIGN_STYLE = Automatic;
				CURRENT_PROJECT_VERSION = 1;
				DEVELOPMENT_TEAM = 7S264SD7S7;
				GENERATE_INFOPLIST_FILE = YES;
				INFOPLIST_FILE = "job-readiness/Info.plist";
				INFOPLIST_KEY_UIApplicationSupportsIndirectInputEvents = YES;
				INFOPLIST_KEY_UILaunchStoryboardName = LaunchScreen;
				INFOPLIST_KEY_UIMainStoryboardFile = Main;
				INFOPLIST_KEY_UISupportedInterfaceOrientations_iPad = "UIInterfaceOrientationPortrait UIInterfaceOrientationPortraitUpsideDown UIInterfaceOrientationLandscapeLeft UIInterfaceOrientationLandscapeRight";
				INFOPLIST_KEY_UISupportedInterfaceOrientations_iPhone = "UIInterfaceOrientationPortrait UIInterfaceOrientationLandscapeLeft UIInterfaceOrientationLandscapeRight";
				LD_RUNPATH_SEARCH_PATHS = (
					"$(inherited)",
					"@executable_path/Frameworks",
				);
				MARKETING_VERSION = 1.0;
				PRODUCT_BUNDLE_IDENTIFIER = "alkemy.job-readiness";
				PRODUCT_NAME = "$(TARGET_NAME)";
				SWIFT_EMIT_LOC_STRINGS = YES;
				SWIFT_VERSION = 5.0;
				TARGETED_DEVICE_FAMILY = "1,2";
			};
			name = Release;
		};
		CCF594E128D8BB640056C610 /* Debug */ = {
			isa = XCBuildConfiguration;
			buildSettings = {
				ALWAYS_EMBED_SWIFT_STANDARD_LIBRARIES = YES;
				BUNDLE_LOADER = "$(TEST_HOST)";
				CODE_SIGN_STYLE = Automatic;
				CURRENT_PROJECT_VERSION = 1;
				DEVELOPMENT_TEAM = 7S264SD7S7;
				GENERATE_INFOPLIST_FILE = YES;
				IPHONEOS_DEPLOYMENT_TARGET = 15.5;
				MARKETING_VERSION = 1.0;
				PRODUCT_BUNDLE_IDENTIFIER = "alkemy.job-readinessTests";
				PRODUCT_NAME = "$(TARGET_NAME)";
				SWIFT_EMIT_LOC_STRINGS = NO;
				SWIFT_VERSION = 5.0;
				TARGETED_DEVICE_FAMILY = "1,2";
				TEST_HOST = "$(BUILT_PRODUCTS_DIR)/job-readiness.app/job-readiness";
			};
			name = Debug;
		};
		CCF594E228D8BB640056C610 /* Release */ = {
			isa = XCBuildConfiguration;
			buildSettings = {
				ALWAYS_EMBED_SWIFT_STANDARD_LIBRARIES = YES;
				BUNDLE_LOADER = "$(TEST_HOST)";
				CODE_SIGN_STYLE = Automatic;
				CURRENT_PROJECT_VERSION = 1;
				DEVELOPMENT_TEAM = 7S264SD7S7;
				GENERATE_INFOPLIST_FILE = YES;
				IPHONEOS_DEPLOYMENT_TARGET = 15.5;
				MARKETING_VERSION = 1.0;
				PRODUCT_BUNDLE_IDENTIFIER = "alkemy.job-readinessTests";
				PRODUCT_NAME = "$(TARGET_NAME)";
				SWIFT_EMIT_LOC_STRINGS = NO;
				SWIFT_VERSION = 5.0;
				TARGETED_DEVICE_FAMILY = "1,2";
				TEST_HOST = "$(BUILT_PRODUCTS_DIR)/job-readiness.app/job-readiness";
			};
			name = Release;
		};
		CCF594E428D8BB640056C610 /* Debug */ = {
			isa = XCBuildConfiguration;
			buildSettings = {
				ALWAYS_EMBED_SWIFT_STANDARD_LIBRARIES = YES;
				CODE_SIGN_STYLE = Automatic;
				CURRENT_PROJECT_VERSION = 1;
				DEVELOPMENT_TEAM = 7S264SD7S7;
				GENERATE_INFOPLIST_FILE = YES;
				MARKETING_VERSION = 1.0;
				PRODUCT_BUNDLE_IDENTIFIER = "alkemy.job-readinessUITests";
				PRODUCT_NAME = "$(TARGET_NAME)";
				SWIFT_EMIT_LOC_STRINGS = NO;
				SWIFT_VERSION = 5.0;
				TARGETED_DEVICE_FAMILY = "1,2";
				TEST_TARGET_NAME = "job-readiness";
			};
			name = Debug;
		};
		CCF594E528D8BB640056C610 /* Release */ = {
			isa = XCBuildConfiguration;
			buildSettings = {
				ALWAYS_EMBED_SWIFT_STANDARD_LIBRARIES = YES;
				CODE_SIGN_STYLE = Automatic;
				CURRENT_PROJECT_VERSION = 1;
				DEVELOPMENT_TEAM = 7S264SD7S7;
				GENERATE_INFOPLIST_FILE = YES;
				MARKETING_VERSION = 1.0;
				PRODUCT_BUNDLE_IDENTIFIER = "alkemy.job-readinessUITests";
				PRODUCT_NAME = "$(TARGET_NAME)";
				SWIFT_EMIT_LOC_STRINGS = NO;
				SWIFT_VERSION = 5.0;
				TARGETED_DEVICE_FAMILY = "1,2";
				TEST_TARGET_NAME = "job-readiness";
			};
			name = Release;
		};
/* End XCBuildConfiguration section */

/* Begin XCConfigurationList section */
		CCF594AE28D8BB620056C610 /* Build configuration list for PBXProject "job-readiness" */ = {
			isa = XCConfigurationList;
			buildConfigurations = (
				CCF594DB28D8BB640056C610 /* Debug */,
				CCF594DC28D8BB640056C610 /* Release */,
			);
			defaultConfigurationIsVisible = 0;
			defaultConfigurationName = Release;
		};
		CCF594DD28D8BB640056C610 /* Build configuration list for PBXNativeTarget "job-readiness" */ = {
			isa = XCConfigurationList;
			buildConfigurations = (
				CCF594DE28D8BB640056C610 /* Debug */,
				CCF594DF28D8BB640056C610 /* Release */,
			);
			defaultConfigurationIsVisible = 0;
			defaultConfigurationName = Release;
		};
		CCF594E028D8BB640056C610 /* Build configuration list for PBXNativeTarget "job-readinessTests" */ = {
			isa = XCConfigurationList;
			buildConfigurations = (
				CCF594E128D8BB640056C610 /* Debug */,
				CCF594E228D8BB640056C610 /* Release */,
			);
			defaultConfigurationIsVisible = 0;
			defaultConfigurationName = Release;
		};
		CCF594E328D8BB640056C610 /* Build configuration list for PBXNativeTarget "job-readinessUITests" */ = {
			isa = XCConfigurationList;
			buildConfigurations = (
				CCF594E428D8BB640056C610 /* Debug */,
				CCF594E528D8BB640056C610 /* Release */,
			);
			defaultConfigurationIsVisible = 0;
			defaultConfigurationName = Release;
		};
/* End XCConfigurationList section */
	};
	rootObject = CCF594AB28D8BB620056C610 /* Project object */;
}
